
Microsoft Visual Studio Solution File, Format Version 12.00
# Visual Studio Version 16
VisualStudioVersion = 16.0.31112.23
MinimumVisualStudioVersion = 10.0.40219.1
Project("{FAE04EC0-301F-11D3-BF4B-00C04F79EFBC}") = "MyCodeBuilder", "MyCodeBuilder\MyCodeBuilder.csproj", "{E7B13353-0DCC-4FBF-922D-184C8D52DD3A}"
EndProject
Global
	GlobalSection(SolutionConfigurationPlatforms) = preSolution
		Debug|Any CPU = Debug|Any CPU
		Release|Any CPU = Release|Any CPU
	EndGlobalSection
	GlobalSection(ProjectConfigurationPlatforms) = postSolution
		{E7B13353-0DCC-4FBF-922D-184C8D52DD3A}.Debug|Any CPU.ActiveCfg = Debug|Any CPU
		{E7B13353-0DCC-4FBF-922D-184C8D52DD3A}.Debug|Any CPU.Build.0 = Debug|Any CPU
		{E7B13353-0DCC-4FBF-922D-184C8D52DD3A}.Release|Any CPU.ActiveCfg = Release|Any CPU
		{E7B13353-0DCC-4FBF-922D-184C8D52DD3A}.Release|Any CPU.Build.0 = Release|Any CPU
	EndGlobalSection
	GlobalSection(SolutionProperties) = preSolution
		HideSolutionNode = FALSE
	EndGlobalSection
	GlobalSection(ExtensibilityGlobals) = postSolution
		SolutionGuid = {848D7BCA-86F9-4649-829C-A45DCC610857}
	EndGlobalSection
EndGlobal
